
Microsoft Visual Studio Solution File, Format Version 12.00
# Visual Studio Version 17
VisualStudioVersion = 17.8.34330.188
MinimumVisualStudioVersion = 10.0.40219.1
Project("{FAE04EC0-301F-11D3-BF4B-00C04F79EFBC}") = "Weatherly.API", "Weatherly.API\Weatherly.API.csproj", "{78AED0A4-A7B6-4861-B8D6-50C14EC2254E}"
EndProject
Global
	GlobalSection(SolutionConfigurationPlatforms) = preSolution
		Debug|Any CPU = Debug|Any CPU
		Release|Any CPU = Release|Any CPU
	EndGlobalSection
	GlobalSection(ProjectConfigurationPlatforms) = postSolution
		{78AED0A4-A7B6-4861-B8D6-50C14EC2254E}.Debug|Any CPU.ActiveCfg = Debug|Any CPU
		{78AED0A4-A7B6-4861-B8D6-50C14EC2254E}.Debug|Any CPU.Build.0 = Debug|Any CPU
		{78AED0A4-A7B6-4861-B8D6-50C14EC2254E}.Release|Any CPU.ActiveCfg = Release|Any CPU
		{78AED0A4-A7B6-4861-B8D6-50C14EC2254E}.Release|Any CPU.Build.0 = Release|Any CPU
	EndGlobalSection
	GlobalSection(SolutionProperties) = preSolution
		HideSolutionNode = FALSE
	EndGlobalSection
	GlobalSection(ExtensibilityGlobals) = postSolution
		SolutionGuid = {054C90E3-4312-47FE-AD9B-92A4A674575F}
	EndGlobalSection
EndGlobal
